
Microsoft Visual Studio Solution File, Format Version 12.00
# Visual Studio Version 16
VisualStudioVersion = 16.0.30503.244
MinimumVisualStudioVersion = 10.0.40219.1
Project("{9A19103F-16F7-4668-BE54-9A1E7A4F7556}") = "DeskBooker.Core.Tests", "DeskBooker.Core.Tests\DeskBooker.Core.Tests.csproj", "{9280FF41-95A7-4FEA-BE85-1691832C4DC5}"
EndProject
Project("{FAE04EC0-301F-11D3-BF4B-00C04F79EFBC}") = "DeskBooker.Core", "DeskBooker.Core\DeskBooker.Core.csproj", "{C4271B80-2905-4128-B685-56F5D34F9376}"
EndProject
Global
	GlobalSection(SolutionConfigurationPlatforms) = preSolution
		Debug|Any CPU = Debug|Any CPU
		Release|Any CPU = Release|Any CPU
	EndGlobalSection
	GlobalSection(ProjectConfigurationPlatforms) = postSolution
		{9280FF41-95A7-4FEA-BE85-1691832C4DC5}.Debug|Any CPU.ActiveCfg = Debug|Any CPU
		{9280FF41-95A7-4FEA-BE85-1691832C4DC5}.Debug|Any CPU.Build.0 = Debug|Any CPU
		{9280FF41-95A7-4FEA-BE85-1691832C4DC5}.Release|Any CPU.ActiveCfg = Release|Any CPU
		{9280FF41-95A7-4FEA-BE85-1691832C4DC5}.Release|Any CPU.Build.0 = Release|Any CPU
		{C4271B80-2905-4128-B685-56F5D34F9376}.Debug|Any CPU.ActiveCfg = Debug|Any CPU
		{C4271B80-2905-4128-B685-56F5D34F9376}.Debug|Any CPU.Build.0 = Debug|Any CPU
		{C4271B80-2905-4128-B685-56F5D34F9376}.Release|Any CPU.ActiveCfg = Release|Any CPU
		{C4271B80-2905-4128-B685-56F5D34F9376}.Release|Any CPU.Build.0 = Release|Any CPU
	EndGlobalSection
	GlobalSection(SolutionProperties) = preSolution
		HideSolutionNode = FALSE
	EndGlobalSection
	GlobalSection(ExtensibilityGlobals) = postSolution
		SolutionGuid = {827F7039-BE8B-4895-8713-8CA4B89F18EF}
	EndGlobalSection
EndGlobal
